
Microsoft Visual Studio Solution File, Format Version 12.00
# Visual Studio Version 16
VisualStudioVersion = 16.0.30523.141
MinimumVisualStudioVersion = 10.0.40219.1
Project("{FAE04EC0-301F-11D3-BF4B-00C04F79EFBC}") = "JsonJquery", "JsonJquery\JsonJquery.csproj", "{38B83F0A-30DF-4C7B-9905-F5A0BB9F8374}"
EndProject
Global
	GlobalSection(SolutionConfigurationPlatforms) = preSolution
		Debug|Any CPU = Debug|Any CPU
		Release|Any CPU = Release|Any CPU
	EndGlobalSection
	GlobalSection(ProjectConfigurationPlatforms) = postSolution
		{38B83F0A-30DF-4C7B-9905-F5A0BB9F8374}.Debug|Any CPU.ActiveCfg = Debug|Any CPU
		{38B83F0A-30DF-4C7B-9905-F5A0BB9F8374}.Debug|Any CPU.Build.0 = Debug|Any CPU
		{38B83F0A-30DF-4C7B-9905-F5A0BB9F8374}.Release|Any CPU.ActiveCfg = Release|Any CPU
		{38B83F0A-30DF-4C7B-9905-F5A0BB9F8374}.Release|Any CPU.Build.0 = Release|Any CPU
	EndGlobalSection
	GlobalSection(SolutionProperties) = preSolution
		HideSolutionNode = FALSE
	EndGlobalSection
	GlobalSection(ExtensibilityGlobals) = postSolution
		SolutionGuid = {11B75B04-61AE-495C-9371-0C3DDC1985CB}
	EndGlobalSection
EndGlobal
